
Microsoft Visual Studio Solution File, Format Version 12.00
# Visual Studio 15
VisualStudioVersion = 15.0.28307.1000
MinimumVisualStudioVersion = 10.0.40219.1
Project("{9A19103F-16F7-4668-BE54-9A1E7A4F7556}") = "Ta3allam Parmja", "Ta3allam Parmja\Ta3allam Parmja.csproj", "{D2432A3A-335F-443A-A89A-2F93A982661F}"
EndProject
Global
	GlobalSection(SolutionConfigurationPlatforms) = preSolution
		Debug|Any CPU = Debug|Any CPU
		Release|Any CPU = Release|Any CPU
	EndGlobalSection
	GlobalSection(ProjectConfigurationPlatforms) = postSolution
		{D2432A3A-335F-443A-A89A-2F93A982661F}.Debug|Any CPU.ActiveCfg = Debug|Any CPU
		{D2432A3A-335F-443A-A89A-2F93A982661F}.Debug|Any CPU.Build.0 = Debug|Any CPU
		{D2432A3A-335F-443A-A89A-2F93A982661F}.Release|Any CPU.ActiveCfg = Release|Any CPU
		{D2432A3A-335F-443A-A89A-2F93A982661F}.Release|Any CPU.Build.0 = Release|Any CPU
	EndGlobalSection
	GlobalSection(SolutionProperties) = preSolution
		HideSolutionNode = FALSE
	EndGlobalSection
	GlobalSection(ExtensibilityGlobals) = postSolution
		SolutionGuid = {A6926E8A-36DF-40D0-985E-1466D4A5C972}
	EndGlobalSection
EndGlobal
